
Microsoft Visual Studio Solution File, Format Version 12.00
# Visual Studio Version 17
VisualStudioVersion = 17.0.32126.317
MinimumVisualStudioVersion = 10.0.40219.1
Project("{9A19103F-16F7-4668-BE54-9A1E7A4F7556}") = "ConsoleAssignment6", "ConsoleAssignment6\ConsoleAssignment6.csproj", "{45DD5769-9FB7-4365-BBD7-24C472625679}"
EndProject
Global
	GlobalSection(SolutionConfigurationPlatforms) = preSolution
		Debug|Any CPU = Debug|Any CPU
		Release|Any CPU = Release|Any CPU
	EndGlobalSection
	GlobalSection(ProjectConfigurationPlatforms) = postSolution
		{45DD5769-9FB7-4365-BBD7-24C472625679}.Debug|Any CPU.ActiveCfg = Debug|Any CPU
		{45DD5769-9FB7-4365-BBD7-24C472625679}.Debug|Any CPU.Build.0 = Debug|Any CPU
		{45DD5769-9FB7-4365-BBD7-24C472625679}.Release|Any CPU.ActiveCfg = Release|Any CPU
		{45DD5769-9FB7-4365-BBD7-24C472625679}.Release|Any CPU.Build.0 = Release|Any CPU
	EndGlobalSection
	GlobalSection(SolutionProperties) = preSolution
		HideSolutionNode = FALSE
	EndGlobalSection
	GlobalSection(ExtensibilityGlobals) = postSolution
		SolutionGuid = {10D85CFF-53B3-4C76-BDC0-C8D22C68ACCC}
	EndGlobalSection
EndGlobal
